
Microsoft Visual Studio Solution File, Format Version 12.00
# Visual Studio Version 17
VisualStudioVersion = 17.7.34018.315
MinimumVisualStudioVersion = 10.0.40219.1
Project("{FAE04EC0-301F-11D3-BF4B-00C04F79EFBC}") = "CORSUygulama", "CORSUygulama\CORSUygulama.csproj", "{11B3710A-4B1B-416D-8A75-EC20758AAF8E}"
EndProject
Global
	GlobalSection(SolutionConfigurationPlatforms) = preSolution
		Debug|Any CPU = Debug|Any CPU
		Release|Any CPU = Release|Any CPU
	EndGlobalSection
	GlobalSection(ProjectConfigurationPlatforms) = postSolution
		{11B3710A-4B1B-416D-8A75-EC20758AAF8E}.Debug|Any CPU.ActiveCfg = Debug|Any CPU
		{11B3710A-4B1B-416D-8A75-EC20758AAF8E}.Debug|Any CPU.Build.0 = Debug|Any CPU
		{11B3710A-4B1B-416D-8A75-EC20758AAF8E}.Release|Any CPU.ActiveCfg = Release|Any CPU
		{11B3710A-4B1B-416D-8A75-EC20758AAF8E}.Release|Any CPU.Build.0 = Release|Any CPU
	EndGlobalSection
	GlobalSection(SolutionProperties) = preSolution
		HideSolutionNode = FALSE
	EndGlobalSection
	GlobalSection(ExtensibilityGlobals) = postSolution
		SolutionGuid = {2BED6B5B-4ACC-473C-A96D-E6B5A7DF0FFE}
	EndGlobalSection
EndGlobal
